
Microsoft Visual Studio Solution File, Format Version 12.00
# Visual Studio 15
VisualStudioVersion = 15.0.28307.705
MinimumVisualStudioVersion = 10.0.40219.1
Project("{FAE04EC0-301F-11D3-BF4B-00C04F79EFBC}") = "PortalSeleniumUnitTests", "PortalSelenium\PortalSeleniumUnitTests.csproj", "{43DFA4B1-9112-406B-85FF-3A198075B2E8}"
EndProject
Project("{FAE04EC0-301F-11D3-BF4B-00C04F79EFBC}") = "SeleniumDriver", "SeleniumDriver\SeleniumDriver.csproj", "{F766E7B8-36CD-4B6C-BADC-B3AB51B7BE53}"
EndProject
Global
	GlobalSection(SolutionConfigurationPlatforms) = preSolution
		Debug|Any CPU = Debug|Any CPU
		Release|Any CPU = Release|Any CPU
	EndGlobalSection
	GlobalSection(ProjectConfigurationPlatforms) = postSolution
		{43DFA4B1-9112-406B-85FF-3A198075B2E8}.Debug|Any CPU.ActiveCfg = Debug|Any CPU
		{43DFA4B1-9112-406B-85FF-3A198075B2E8}.Debug|Any CPU.Build.0 = Debug|Any CPU
		{43DFA4B1-9112-406B-85FF-3A198075B2E8}.Release|Any CPU.ActiveCfg = Release|Any CPU
		{43DFA4B1-9112-406B-85FF-3A198075B2E8}.Release|Any CPU.Build.0 = Release|Any CPU
		{F766E7B8-36CD-4B6C-BADC-B3AB51B7BE53}.Debug|Any CPU.ActiveCfg = Debug|Any CPU
		{F766E7B8-36CD-4B6C-BADC-B3AB51B7BE53}.Debug|Any CPU.Build.0 = Debug|Any CPU
		{F766E7B8-36CD-4B6C-BADC-B3AB51B7BE53}.Release|Any CPU.ActiveCfg = Release|Any CPU
		{F766E7B8-36CD-4B6C-BADC-B3AB51B7BE53}.Release|Any CPU.Build.0 = Release|Any CPU
	EndGlobalSection
	GlobalSection(SolutionProperties) = preSolution
		HideSolutionNode = FALSE
	EndGlobalSection
	GlobalSection(ExtensibilityGlobals) = postSolution
		SolutionGuid = {D602F66F-CBB6-4DC8-AE4B-FB83FCF15CD6}
	EndGlobalSection
EndGlobal
